{
  "name": "@codebundlesbyvik/element-operations",
  "version": "1.0.0",
  "lockfileVersion": 2,
  "requires": true,
  "packages": {
    "": {
      "name": "@codebundlesbyvik/element-operations",
      "version": "1.0.0",
      "license": "MIT",
      "dependencies": {
        "@codebundlesbyvik/string-operations": "^1.0.0-1"
      }
    },
    "node_modules/@codebundlesbyvik/string-operations": {
      "version": "1.0.0-1",
      "resolved": "https://registry.npmjs.org/@codebundlesbyvik/string-operations/-/string-operations-1.0.0-1.tgz",
      "integrity": "sha512-dQb4+9DcVmrIMlT5ErOElkQnfSSpvML3G7ItFk1JJkPj7TeMCU3Ovs6IO9u2sGYGIsvvyYujlBwpvlquk7jstA=="
    }
  },
  "dependencies": {
    "@codebundlesbyvik/string-operations": {
      "version": "1.0.0-1",
      "resolved": "https://registry.npmjs.org/@codebundlesbyvik/string-operations/-/string-operations-1.0.0-1.tgz",
      "integrity": "sha512-dQb4+9DcVmrIMlT5ErOElkQnfSSpvML3G7ItFk1JJkPj7TeMCU3Ovs6IO9u2sGYGIsvvyYujlBwpvlquk7jstA=="
    }
  }
}
