{
  "name": "@codebundlesbyvik/element-operations",
  "version": "1.0.0-1",
  "lockfileVersion": 2,
  "requires": true,
  "packages": {
    "": {
      "name": "@codebundlesbyvik/element-operations",
      "version": "1.0.0-1",
      "license": "MIT",
      "dependencies": {
        "@codebundlesbyvik/string-operations": "^1.0.0-2"
      }
    },
    "node_modules/@codebundlesbyvik/string-operations": {
      "version": "1.0.0-2",
      "resolved": "https://registry.npmjs.org/@codebundlesbyvik/string-operations/-/string-operations-1.0.0-2.tgz",
      "integrity": "sha512-NACKdd+LTgVEoYOTfujXZMAr0Op5BWmYbiSM9dE/rdCJOIwKvxApywxfNVvMufCugW8eiQGa5SW1I8sIAFduaw=="
    }
  },
  "dependencies": {
    "@codebundlesbyvik/string-operations": {
      "version": "1.0.0-2",
      "resolved": "https://registry.npmjs.org/@codebundlesbyvik/string-operations/-/string-operations-1.0.0-2.tgz",
      "integrity": "sha512-NACKdd+LTgVEoYOTfujXZMAr0Op5BWmYbiSM9dE/rdCJOIwKvxApywxfNVvMufCugW8eiQGa5SW1I8sIAFduaw=="
    }
  }
}
