{
  "name": "@codebundlesbyvik/element-operations",
  "version": "1.0.0",
  "lockfileVersion": 2,
  "requires": true,
  "packages": {
    "": {
      "name": "@codebundlesbyvik/element-operations",
      "version": "1.0.0",
      "license": "ISC",
      "dependencies": {
        "@codebundlesbyvik/string-operations": "^1.0.0"
      }
    },
    "node_modules/@codebundlesbyvik/string-operations": {
      "version": "1.0.0",
      "resolved": "https://registry.npmjs.org/@codebundlesbyvik/string-operations/-/string-operations-1.0.0.tgz",
      "integrity": "sha512-sbd43cB9r8eVP38BQXehblrapgj1A4S/VHw4AXy5r8DYA8VnBOfHvY/W1mxcTagfrmRo/ebqr33OvxJJguYuog=="
    }
  },
  "dependencies": {
    "@codebundlesbyvik/string-operations": {
      "version": "1.0.0",
      "resolved": "https://registry.npmjs.org/@codebundlesbyvik/string-operations/-/string-operations-1.0.0.tgz",
      "integrity": "sha512-sbd43cB9r8eVP38BQXehblrapgj1A4S/VHw4AXy5r8DYA8VnBOfHvY/W1mxcTagfrmRo/ebqr33OvxJJguYuog=="
    }
  }
}
